<?xml version="1.0" encoding="utf-8"?>
<Project ToolsVersion="4.0" xmlns="http://schemas.microsoft.com/developer/msbuild/2003">
  <ItemGroup>
    <Filter Include="Header Files">
      <UniqueIdentifier>{546fa088-0c52-48e7-82ef-75f473e6f9a8}</UniqueIdentifier>
    </Filter>
    <Filter Include="Source Files">
      <UniqueIdentifier>{a8102f4c-7548-423c-85f8-1fc666755def}</UniqueIdentifier>
    </Filter>
    <Filter Include="Shaders">
      <UniqueIdentifier>{95ff0a5e-d41b-47d7-a6b6-4576d66be871}</UniqueIdentifier>
    </Filter>
    <Filter Include="Source Files\nuklear_examples">
      <UniqueIdentifier>{5567cc63-f9fb-4a82-b021-73783e404b0d}</UniqueIdentifier>
    </Filter>
    <Filter Include="Resources">
      <UniqueIdentifier>{9c64076c-816a-4cdb-b3c4-e8041eabcfac}</UniqueIdentifier>
    </Filter>
  </ItemGroup>
  <ItemGroup>
    <CudaCompile Include="kernel.cu">
      <Filter>Source Files</Filter>
    </CudaCompile>
    <CudaCompile Include="LBM2D_1D_indices.cu">
      <Filter>Source Files</Filter>
    </CudaCompile>
    <CudaCompile Include="LBM3D_1D_indices.cu">
      <Filter>Source Files</Filter>
    </CudaCompile>
    <CudaCompile Include="LBM.h">
      <Filter>Header Files</Filter>
    </CudaCompile>
    <CudaCompile Include="ParticleSystem.cu">
      <Filter>Source Files</Filter>
    </CudaCompile>
    <CudaCompile Include="CUDAUtils.cuh">
      <Filter>Header Files</Filter>
    </CudaCompile>
    <CudaCompile Include="main.cpp" />
  </ItemGroup>
  <ItemGroup>
    <ClCompile Include="glad.c">
      <Filter>Source Files</Filter>
    </ClCompile>
    <ClCompile Include="GeneralGrid.cpp">
      <Filter>Source Files</Filter>
    </ClCompile>
    <ClCompile Include="Grid2D.cpp">
      <Filter>Source Files</Filter>
    </ClCompile>
    <ClCompile Include="Grid3D.cpp">
      <Filter>Source Files</Filter>
    </ClCompile>
    <ClCompile Include="LatticeCollider.cpp">
      <Filter>Source Files</Filter>
    </ClCompile>
    <ClCompile Include="OrbitCamera.cpp">
      <Filter>Source Files</Filter>
    </ClCompile>
    <ClCompile Include="ShaderProgram.cpp">
      <Filter>Source Files</Filter>
    </ClCompile>
    <ClCompile Include="DataStructures.h">
      <Filter>Header Files</Filter>
    </ClCompile>
    <ClCompile Include="HeightMap.cpp">
      <Filter>Source Files</Filter>
    </ClCompile>
    <ClCompile Include="DirectionalLight.cpp">
      <Filter>Source Files</Filter>
    </ClCompile>
    <ClCompile Include="Camera2D.cpp">
      <Filter>Source Files</Filter>
    </ClCompile>
    <ClCompile Include="Camera.cpp">
      <Filter>Source Files</Filter>
    </ClCompile>
    <ClCompile Include="LBM.cpp">
      <Filter>Source Files</Filter>
    </ClCompile>
    <ClCompile Include="Grid.cpp">
      <Filter>Source Files</Filter>
    </ClCompile>
    <ClCompile Include="Config.h">
      <Filter>Header Files</Filter>
    </ClCompile>
    <ClCompile Include="nuklear_main_gl4.c">
      <Filter>Source Files</Filter>
    </ClCompile>
    <ClCompile Include="nuklear_main_gl3.cpp">
      <Filter>Source Files</Filter>
    </ClCompile>
    <ClCompile Include="nuklear\calculator.c">
      <Filter>Source Files\nuklear_examples</Filter>
    </ClCompile>
    <ClCompile Include="nuklear\node_editor.c">
      <Filter>Source Files\nuklear_examples</Filter>
    </ClCompile>
    <ClCompile Include="nuklear\overview.c">
      <Filter>Source Files\nuklear_examples</Filter>
    </ClCompile>
    <ClCompile Include="nuklear\style.c">
      <Filter>Source Files\nuklear_examples</Filter>
    </ClCompile>
    <ClCompile Include="Texture.cpp">
      <Filter>Source Files</Filter>
    </ClCompile>
    <ClCompile Include="Timer.cpp">
      <Filter>Source Files</Filter>
    </ClCompile>
    <ClCompile Include="Curve.cpp">
      <Filter>Source Files</Filter>
    </ClCompile>
    <ClCompile Include="Utils.cpp">
      <Filter>Source Files</Filter>
    </ClCompile>
    <ClCompile Include="Particle.cpp">
      <Filter>Source Files</Filter>
    </ClCompile>
    <ClCompile Include="STLPDiagram.cpp">
      <Filter>Source Files</Filter>
    </ClCompile>
    <ClCompile Include="STLPUtils.cpp">
      <Filter>Source Files</Filter>
    </ClCompile>
    <ClCompile Include="TextRenderer.cpp">
      <Filter>Source Files</Filter>
    </ClCompile>
    <ClCompile Include="ShaderManager.cpp" />
    <ClCompile Include="STLPSimulator.cpp">
      <Filter>Source Files</Filter>
    </ClCompile>
    <ClCompile Include="Skybox.cpp">
      <Filter>Source Files</Filter>
    </ClCompile>
  </ItemGroup>
  <ItemGroup>
    <ClInclude Include="Grid2D.h">
      <Filter>Header Files</Filter>
    </ClInclude>
    <ClInclude Include="ShaderProgram.h">
      <Filter>Header Files</Filter>
    </ClInclude>
    <ClInclude Include="LatticeCollider.h">
      <Filter>Header Files</Filter>
    </ClInclude>
    <ClInclude Include="Grid3D.h">
      <Filter>Header Files</Filter>
    </ClInclude>
    <ClInclude Include="GeneralGrid.h">
      <Filter>Header Files</Filter>
    </ClInclude>
    <ClInclude Include="OrbitCamera.h">
      <Filter>Header Files</Filter>
    </ClInclude>
    <ClInclude Include="LBM2D_1D_indices.h">
      <Filter>Header Files</Filter>
    </ClInclude>
    <ClInclude Include="LBM3D_1D_indices.h">
      <Filter>Header Files</Filter>
    </ClInclude>
    <ClInclude Include="Utils.h">
      <Filter>Header Files</Filter>
    </ClInclude>
    <ClInclude Include="HeightMap.h">
      <Filter>Header Files</Filter>
    </ClInclude>
    <ClInclude Include="ParticleSystem.h">
      <Filter>Header Files</Filter>
    </ClInclude>
    <ClInclude Include="DirectionalLight.h">
      <Filter>Header Files</Filter>
    </ClInclude>
    <ClInclude Include="Camera2D.h">
      <Filter>Header Files</Filter>
    </ClInclude>
    <ClInclude Include="Camera.h">
      <Filter>Header Files</Filter>
    </ClInclude>
    <ClInclude Include="Grid.h">
      <Filter>Header Files</Filter>
    </ClInclude>
    <ClInclude Include="nuklear_glfw_gl3.h">
      <Filter>Header Files</Filter>
    </ClInclude>
    <ClInclude Include="nuklear_glfw_gl4.h">
      <Filter>Header Files</Filter>
    </ClInclude>
    <ClInclude Include="Texture.h">
      <Filter>Header Files</Filter>
    </ClInclude>
    <ClInclude Include="Timer.h">
      <Filter>Header Files</Filter>
    </ClInclude>
    <ClInclude Include="Curve.h">
      <Filter>Header Files</Filter>
    </ClInclude>
    <ClInclude Include="Particle.h">
      <Filter>Header Files</Filter>
    </ClInclude>
    <ClInclude Include="STLPDiagram.h">
      <Filter>Header Files</Filter>
    </ClInclude>
    <ClInclude Include="STLPUtils.h">
      <Filter>Header Files</Filter>
    </ClInclude>
    <ClInclude Include="TextRenderer.h">
      <Filter>Header Files</Filter>
    </ClInclude>
    <ClInclude Include="ShaderManager.h" />
    <ClInclude Include="STLPSimulator.h">
      <Filter>Header Files</Filter>
    </ClInclude>
    <ClInclude Include="Cubemap.h">
      <Filter>Header Files</Filter>
    </ClInclude>
    <ClInclude Include="Skybox.h">
      <Filter>Header Files</Filter>
    </ClInclude>
  </ItemGroup>
  <ItemGroup>
    <Text Include="config.ini">
      <Filter>Resources</Filter>
    </Text>
  </ItemGroup>
  <ItemGroup>
    <None Include="shaders\coloredParticle.frag">
      <Filter>Shaders</Filter>
    </None>
    <None Include="shaders\coloredParticle.vert">
      <Filter>Shaders</Filter>
    </None>
    <None Include="shaders\dirLightOnly.frag">
      <Filter>Shaders</Filter>
    </None>
    <None Include="shaders\dirLightOnly.vert">
      <Filter>Shaders</Filter>
    </None>
    <None Include="shaders\pointSpriteTest.frag">
      <Filter>Shaders</Filter>
    </None>
    <None Include="shaders\pointSpriteTest.vert">
      <Filter>Shaders</Filter>
    </None>
    <None Include="shaders\singleColor.frag">
      <Filter>Shaders</Filter>
    </None>
    <None Include="shaders\singleColor.vert">
      <Filter>Shaders</Filter>
    </None>
    <None Include="shaders\singleColor_alpha.frag">
      <Filter>Shaders</Filter>
    </None>
    <None Include="shaders\unlitColor.frag">
      <Filter>Shaders</Filter>
    </None>
    <None Include="shaders\unlitColor.vert">
      <Filter>Shaders</Filter>
    </None>
    <None Include="shaders\curve.frag">
      <Filter>Shaders</Filter>
    </None>
    <None Include="shaders\curve.vert">
      <Filter>Shaders</Filter>
    </None>
    <None Include="shaders\singleColor_VBO.frag">
      <Filter>Shaders</Filter>
    </None>
    <None Include="shaders\singleColor_VBO.vert">
      <Filter>Shaders</Filter>
    </None>
    <None Include="shaders\text.frag">
      <Filter>Shaders</Filter>
    </None>
    <None Include="shaders\text.vert">
      <Filter>Shaders</Filter>
    </None>
    <None Include="shaders\diagram.frag">
      <Filter>Shaders</Filter>
    </None>
    <None Include="shaders\diagram.vert">
      <Filter>Shaders</Filter>
    </None>
    <None Include="shaders\skybox.frag">
      <Filter>Shaders</Filter>
    </None>
    <None Include="shaders\skybox.vert">
      <Filter>Shaders</Filter>
    </None>
  </ItemGroup>
</Project>